// !$*UTF8*$!
{
	archiveVersion = 1;
	classes = {
	};
	objectVersion = 46;
	objects = {

/* Begin PBXBuildFile section */
		9465581A1A42B74E008BA213 /* AppDelegate.swift in Sources */ = {isa = PBXBuildFile; fileRef = 946558191A42B74E008BA213 /* AppDelegate.swift */; };
		9465581C1A42B74E008BA213 /* ViewController.swift in Sources */ = {isa = PBXBuildFile; fileRef = 9465581B1A42B74E008BA213 /* ViewController.swift */; };
		9465581F1A42B74E008BA213 /* Main.storyboard in Resources */ = {isa = PBXBuildFile; fileRef = 9465581D1A42B74E008BA213 /* Main.storyboard */; };
		946558211A42B74E008BA213 /* Images.xcassets in Resources */ = {isa = PBXBuildFile; fileRef = 946558201A42B74E008BA213 /* Images.xcassets */; };
		946558241A42B74E008BA213 /* LaunchScreen.xib in Resources */ = {isa = PBXBuildFile; fileRef = 946558221A42B74E008BA213 /* LaunchScreen.xib */; };
		946558301A42B74E008BA213 /* ClassUserDefaultsTests.swift in Sources */ = {isa = PBXBuildFile; fileRef = 9465582F1A42B74E008BA213 /* ClassUserDefaultsTests.swift */; };
		9465583A1A42B791008BA213 /* Truck.swift in Sources */ = {isa = PBXBuildFile; fileRef = 946558391A42B791008BA213 /* Truck.swift */; };
/* End PBXBuildFile section */

/* Begin PBXContainerItemProxy section */
		9465582A1A42B74E008BA213 /* PBXContainerItemProxy */ = {
			isa = PBXContainerItemProxy;
			containerPortal = 9465580C1A42B74E008BA213 /* Project object */;
			proxyType = 1;
			remoteGlobalIDString = 946558131A42B74E008BA213;
			remoteInfo = ClassUserDefaults;
		};
/* End PBXContainerItemProxy section */

/* Begin PBXFileReference section */
		946558141A42B74E008BA213 /* ClassUserDefaults.app */ = {isa = PBXFileReference; explicitFileType = wrapper.application; includeInIndex = 0; path = ClassUserDefaults.app; sourceTree = BUILT_PRODUCTS_DIR; };
		946558181A42B74E008BA213 /* Info.plist */ = {isa = PBXFileReference; lastKnownFileType = text.plist.xml; path = Info.plist; sourceTree = "<group>"; };
		946558191A42B74E008BA213 /* AppDelegate.swift */ = {isa = PBXFileReference; lastKnownFileType = sourcecode.swift; path = AppDelegate.swift; sourceTree = "<group>"; };
		9465581B1A42B74E008BA213 /* ViewController.swift */ = {isa = PBXFileReference; lastKnownFileType = sourcecode.swift; path = ViewController.swift; sourceTree = "<group>"; };
		9465581E1A42B74E008BA213 /* Base */ = {isa = PBXFileReference; lastKnownFileType = file.storyboard; name = Base; path = Base.lproj/Main.storyboard; sourceTree = "<group>"; };
		946558201A42B74E008BA213 /* Images.xcassets */ = {isa = PBXFileReference; lastKnownFileType = folder.assetcatalog; path = Images.xcassets; sourceTree = "<group>"; };
		946558231A42B74E008BA213 /* Base */ = {isa = PBXFileReference; lastKnownFileType = file.xib; name = Base; path = Base.lproj/LaunchScreen.xib; sourceTree = "<group>"; };
		946558291A42B74E008BA213 /* ClassUserDefaultsTests.xctest */ = {isa = PBXFileReference; explicitFileType = wrapper.cfbundle; includeInIndex = 0; path = ClassUserDefaultsTests.xctest; sourceTree = BUILT_PRODUCTS_DIR; };
		9465582E1A42B74E008BA213 /* Info.plist */ = {isa = PBXFileReference; lastKnownFileType = text.plist.xml; path = Info.plist; sourceTree = "<group>"; };
		9465582F1A42B74E008BA213 /* ClassUserDefaultsTests.swift */ = {isa = PBXFileReference; lastKnownFileType = sourcecode.swift; path = ClassUserDefaultsTests.swift; sourceTree = "<group>"; };
		946558391A42B791008BA213 /* Truck.swift */ = {isa = PBXFileReference; fileEncoding = 4; lastKnownFileType = sourcecode.swift; path = Truck.swift; sourceTree = "<group>"; };
/* End PBXFileReference section */

/* Begin PBXFrameworksBuildPhase section */
		946558111A42B74E008BA213 /* Frameworks */ = {
			isa = PBXFrameworksBuildPhase;
			buildActionMask = 2147483647;
			files = (
			);
			runOnlyForDeploymentPostprocessing = 0;
		};
		946558261A42B74E008BA213 /* Frameworks */ = {
			isa = PBXFrameworksBuildPhase;
			buildActionMask = 2147483647;
			files = (
			);
			runOnlyForDeploymentPostprocessing = 0;
		};
/* End PBXFrameworksBuildPhase section */

/* Begin PBXGroup section */
		9465580B1A42B74E008BA213 = {
			isa = PBXGroup;
			children = (
				946558161A42B74E008BA213 /* ClassUserDefaults */,
				9465582C1A42B74E008BA213 /* ClassUserDefaultsTests */,
				946558151A42B74E008BA213 /* Products */,
			);
			sourceTree = "<group>";
		};
		946558151A42B74E008BA213 /* Products */ = {
			isa = PBXGroup;
			children = (
				946558141A42B74E008BA213 /* ClassUserDefaults.app */,
				946558291A42B74E008BA213 /* ClassUserDefaultsTests.xctest */,
			);
			name = Products;
			sourceTree = "<group>";
		};
		946558161A42B74E008BA213 /* ClassUserDefaults */ = {
			isa = PBXGroup;
			children = (
				946558191A42B74E008BA213 /* AppDelegate.swift */,
				9465581B1A42B74E008BA213 /* ViewController.swift */,
				9465581D1A42B74E008BA213 /* Main.storyboard */,
				946558391A42B791008BA213 /* Truck.swift */,
				946558201A42B74E008BA213 /* Images.xcassets */,
				946558221A42B74E008BA213 /* LaunchScreen.xib */,
				946558171A42B74E008BA213 /* Supporting Files */,
			);
			path = ClassUserDefaults;
			sourceTree = "<group>";
		};
		946558171A42B74E008BA213 /* Supporting Files */ = {
			isa = PBXGroup;
			children = (
				946558181A42B74E008BA213 /* Info.plist */,
			);
			name = "Supporting Files";
			sourceTree = "<group>";
		};
		9465582C1A42B74E008BA213 /* ClassUserDefaultsTests */ = {
			isa = PBXGroup;
			children = (
				9465582F1A42B74E008BA213 /* ClassUserDefaultsTests.swift */,
				9465582D1A42B74E008BA213 /* Supporting Files */,
			);
			path = ClassUserDefaultsTests;
			sourceTree = "<group>";
		};
		9465582D1A42B74E008BA213 /* Supporting Files */ = {
			isa = PBXGroup;
			children = (
				9465582E1A42B74E008BA213 /* Info.plist */,
			);
			name = "Supporting Files";
			sourceTree = "<group>";
		};
/* End PBXGroup section */

/* Begin PBXNativeTarget section */
		946558131A42B74E008BA213 /* ClassUserDefaults */ = {
			isa = PBXNativeTarget;
			buildConfigurationList = 946558331A42B74E008BA213 /* Build configuration list for PBXNativeTarget "ClassUserDefaults" */;
			buildPhases = (
				946558101A42B74E008BA213 /* Sources */,
				946558111A42B74E008BA213 /* Frameworks */,
				946558121A42B74E008BA213 /* Resources */,
			);
			buildRules = (
			);
			dependencies = (
			);
			name = ClassUserDefaults;
			productName = ClassUserDefaults;
			productReference = 946558141A42B74E008BA213 /* ClassUserDefaults.app */;
			productType = "com.apple.product-type.application";
		};
		946558281A42B74E008BA213 /* ClassUserDefaultsTests */ = {
			isa = PBXNativeTarget;
			buildConfigurationList = 946558361A42B74E008BA213 /* Build configuration list for PBXNativeTarget "ClassUserDefaultsTests" */;
			buildPhases = (
				946558251A42B74E008BA213 /* Sources */,
				946558261A42B74E008BA213 /* Frameworks */,
				946558271A42B74E008BA213 /* Resources */,
			);
			buildRules = (
			);
			dependencies = (
				9465582B1A42B74E008BA213 /* PBXTargetDependency */,
			);
			name = ClassUserDefaultsTests;
			productName = ClassUserDefaultsTests;
			productReference = 946558291A42B74E008BA213 /* ClassUserDefaultsTests.xctest */;
			productType = "com.apple.product-type.bundle.unit-test";
		};
/* End PBXNativeTarget section */

/* Begin PBXProject section */
		9465580C1A42B74E008BA213 /* Project object */ = {
			isa = PBXProject;
			attributes = {
				LastUpgradeCheck = 0600;
				ORGANIZATIONNAME = Seemu;
				TargetAttributes = {
					946558131A42B74E008BA213 = {
						CreatedOnToolsVersion = 6.0;
					};
					946558281A42B74E008BA213 = {
						CreatedOnToolsVersion = 6.0;
						TestTargetID = 946558131A42B74E008BA213;
					};
				};
			};
			buildConfigurationList = 9465580F1A42B74E008BA213 /* Build configuration list for PBXProject "ClassUserDefaults" */;
			compatibilityVersion = "Xcode 3.2";
			developmentRegion = English;
			hasScannedForEncodings = 0;
			knownRegions = (
				en,
				Base,
			);
			mainGroup = 9465580B1A42B74E008BA213;
			productRefGroup = 946558151A42B74E008BA213 /* Products */;
			projectDirPath = "";
			projectRoot = "";
			targets = (
				946558131A42B74E008BA213 /* ClassUserDefaults */,
				946558281A42B74E008BA213 /* ClassUserDefaultsTests */,
			);
		};
/* End PBXProject section */

/* Begin PBXResourcesBuildPhase section */
		946558121A42B74E008BA213 /* Resources */ = {
			isa = PBXResourcesBuildPhase;
			buildActionMask = 2147483647;
			files = (
				9465581F1A42B74E008BA213 /* Main.storyboard in Resources */,
				946558241A42B74E008BA213 /* LaunchScreen.xib in Resources */,
				946558211A42B74E008BA213 /* Images.xcassets in Resources */,
			);
			runOnlyForDeploymentPostprocessing = 0;
		};
		946558271A42B74E008BA213 /* Resources */ = {
			isa = PBXResourcesBuildPhase;
			buildActionMask = 2147483647;
			files = (
			);
			runOnlyForDeploymentPostprocessing = 0;
		};
/* End PBXResourcesBuildPhase section */

/* Begin PBXSourcesBuildPhase section */
		946558101A42B74E008BA213 /* Sources */ = {
			isa = PBXSourcesBuildPhase;
			buildActionMask = 2147483647;
			files = (
				9465581C1A42B74E008BA213 /* ViewController.swift in Sources */,
				9465581A1A42B74E008BA213 /* AppDelegate.swift in Sources */,
				9465583A1A42B791008BA213 /* Truck.swift in Sources */,
			);
			runOnlyForDeploymentPostprocessing = 0;
		};
		946558251A42B74E008BA213 /* Sources */ = {
			isa = PBXSourcesBuildPhase;
			buildActionMask = 2147483647;
			files = (
				946558301A42B74E008BA213 /* ClassUserDefaultsTests.swift in Sources */,
			);
			runOnlyForDeploymentPostprocessing = 0;
		};
/* End PBXSourcesBuildPhase section */

/* Begin PBXTargetDependency section */
		9465582B1A42B74E008BA213 /* PBXTargetDependency */ = {
			isa = PBXTargetDependency;
			target = 946558131A42B74E008BA213 /* ClassUserDefaults */;
			targetProxy = 9465582A1A42B74E008BA213 /* PBXContainerItemProxy */;
		};
/* End PBXTargetDependency section */

/* Begin PBXVariantGroup section */
		9465581D1A42B74E008BA213 /* Main.storyboard */ = {
			isa = PBXVariantGroup;
			children = (
				9465581E1A42B74E008BA213 /* Base */,
			);
			name = Main.storyboard;
			sourceTree = "<group>";
		};
		946558221A42B74E008BA213 /* LaunchScreen.xib */ = {
			isa = PBXVariantGroup;
			children = (
				946558231A42B74E008BA213 /* Base */,
			);
			name = LaunchScreen.xib;
			sourceTree = "<group>";
		};
/* End PBXVariantGroup section */

/* Begin XCBuildConfiguration section */
		946558311A42B74E008BA213 /* Debug */ = {
			isa = XCBuildConfiguration;
			buildSettings = {
				ALWAYS_SEARCH_USER_PATHS = NO;
				CLANG_CXX_LANGUAGE_STANDARD = "gnu++0x";
				CLANG_CXX_LIBRARY = "libc++";
				CLANG_ENABLE_MODULES = YES;
				CLANG_ENABLE_OBJC_ARC = YES;
				CLANG_WARN_BOOL_CONVERSION = YES;
				CLANG_WARN_CONSTANT_CONVERSION = YES;
				CLANG_WARN_DIRECT_OBJC_ISA_USAGE = YES_ERROR;
				CLANG_WARN_EMPTY_BODY = YES;
				CLANG_WARN_ENUM_CONVERSION = YES;
				CLANG_WARN_INT_CONVERSION = YES;
				CLANG_WARN_OBJC_ROOT_CLASS = YES_ERROR;
				CLANG_WARN_UNREACHABLE_CODE = YES;
				CLANG_WARN__DUPLICATE_METHOD_MATCH = YES;
				"CODE_SIGN_IDENTITY[sdk=iphoneos*]" = "iPhone Developer";
				COPY_PHASE_STRIP = NO;
				ENABLE_STRICT_OBJC_MSGSEND = YES;
				GCC_C_LANGUAGE_STANDARD = gnu99;
				GCC_DYNAMIC_NO_PIC = NO;
				GCC_OPTIMIZATION_LEVEL = 0;
				GCC_PREPROCESSOR_DEFINITIONS = (
					"DEBUG=1",
					"$(inherited)",
				);
				GCC_SYMBOLS_PRIVATE_EXTERN = NO;
				GCC_WARN_64_TO_32_BIT_CONVERSION = YES;
				GCC_WARN_ABOUT_RETURN_TYPE = YES_ERROR;
				GCC_WARN_UNDECLARED_SELECTOR = YES;
				GCC_WARN_UNINITIALIZED_AUTOS = YES_AGGRESSIVE;
				GCC_WARN_UNUSED_FUNCTION = YES;
				GCC_WARN_UNUSED_VARIABLE = YES;
				IPHONEOS_DEPLOYMENT_TARGET = 8.0;
				MTL_ENABLE_DEBUG_INFO = YES;
				ONLY_ACTIVE_ARCH = YES;
				SDKROOT = iphoneos;
				SWIFT_OPTIMIZATION_LEVEL = "-Onone";
			};
			name = Debug;
		};
		946558321A42B74E008BA213 /* Release */ = {
			isa = XCBuildConfiguration;
			buildSettings = {
				ALWAYS_SEARCH_USER_PATHS = NO;
				CLANG_CXX_LANGUAGE_STANDARD = "gnu++0x";
				CLANG_CXX_LIBRARY = "libc++";
				CLANG_ENABLE_MODULES = YES;
				CLANG_ENABLE_OBJC_ARC = YES;
				CLANG_WARN_BOOL_CONVERSION = YES;
				CLANG_WARN_CONSTANT_CONVERSION = YES;
				CLANG_WARN_DIRECT_OBJC_ISA_USAGE = YES_ERROR;
				CLANG_WARN_EMPTY_BODY = YES;
				CLANG_WARN_ENUM_CONVERSION = YES;
				CLANG_WARN_INT_CONVERSION = YES;
				CLANG_WARN_OBJC_ROOT_CLASS = YES_ERROR;
				CLANG_WARN_UNREACHABLE_CODE = YES;
				CLANG_WARN__DUPLICATE_METHOD_MATCH = YES;
				"CODE_SIGN_IDENTITY[sdk=iphoneos*]" = "iPhone Developer";
				COPY_PHASE_STRIP = YES;
				ENABLE_NS_ASSERTIONS = NO;
				ENABLE_STRICT_OBJC_MSGSEND = YES;
				GCC_C_LANGUAGE_STANDARD = gnu99;
				GCC_WARN_64_TO_32_BIT_CONVERSION = YES;
				GCC_WARN_ABOUT_RETURN_TYPE = YES_ERROR;
				GCC_WARN_UNDECLARED_SELECTOR = YES;
				GCC_WARN_UNINITIALIZED_AUTOS = YES_AGGRESSIVE;
				GCC_WARN_UNUSED_FUNCTION = YES;
				GCC_WARN_UNUSED_VARIABLE = YES;
				IPHONEOS_DEPLOYMENT_TARGET = 8.0;
				MTL_ENABLE_DEBUG_INFO = NO;
				SDKROOT = iphoneos;
				VALIDATE_PRODUCT = YES;
			};
			name = Release;
		};
		946558341A42B74E008BA213 /* Debug */ = {
			isa = XCBuildConfiguration;
			buildSettings = {
				ASSETCATALOG_COMPILER_APPICON_NAME = AppIcon;
				INFOPLIST_FILE = ClassUserDefaults/Info.plist;
				LD_RUNPATH_SEARCH_PATHS = "$(inherited) @executable_path/Frameworks";
				PRODUCT_NAME = "$(TARGET_NAME)";
			};
			name = Debug;
		};
		946558351A42B74E008BA213 /* Release */ = {
			isa = XCBuildConfiguration;
			buildSettings = {
				ASSETCATALOG_COMPILER_APPICON_NAME = AppIcon;
				INFOPLIST_FILE = ClassUserDefaults/Info.plist;
				LD_RUNPATH_SEARCH_PATHS = "$(inherited) @executable_path/Frameworks";
				PRODUCT_NAME = "$(TARGET_NAME)";
			};
			name = Release;
		};
		946558371A42B74E008BA213 /* Debug */ = {
			isa = XCBuildConfiguration;
			buildSettings = {
				BUNDLE_LOADER = "$(TEST_HOST)";
				FRAMEWORK_SEARCH_PATHS = (
					"$(SDKROOT)/Developer/Library/Frameworks",
					"$(inherited)",
				);
				GCC_PREPROCESSOR_DEFINITIONS = (
					"DEBUG=1",
					"$(inherited)",
				);
				INFOPLIST_FILE = ClassUserDefaultsTests/Info.plist;
				LD_RUNPATH_SEARCH_PATHS = "$(inherited) @executable_path/Frameworks @loader_path/Frameworks";
				PRODUCT_NAME = "$(TARGET_NAME)";
				TEST_HOST = "$(BUILT_PRODUCTS_DIR)/ClassUserDefaults.app/ClassUserDefaults";
			};
			name = Debug;
		};
		946558381A42B74E008BA213 /* Release */ = {
			isa = XCBuildConfiguration;
			buildSettings = {
				BUNDLE_LOADER = "$(TEST_HOST)";
				FRAMEWORK_SEARCH_PATHS = (
					"$(SDKROOT)/Developer/Library/Frameworks",
					"$(inherited)",
				);
				INFOPLIST_FILE = ClassUserDefaultsTests/Info.plist;
				LD_RUNPATH_SEARCH_PATHS = "$(inherited) @executable_path/Frameworks @loader_path/Frameworks";
				PRODUCT_NAME = "$(TARGET_NAME)";
				TEST_HOST = "$(BUILT_PRODUCTS_DIR)/ClassUserDefaults.app/ClassUserDefaults";
			};
			name = Release;
		};
/* End XCBuildConfiguration section */

/* Begin XCConfigurationList section */
		9465580F1A42B74E008BA213 /* Build configuration list for PBXProject "ClassUserDefaults" */ = {
			isa = XCConfigurationList;
			buildConfigurations = (
				946558311A42B74E008BA213 /* Debug */,
				946558321A42B74E008BA213 /* Release */,
			);
			defaultConfigurationIsVisible = 0;
			defaultConfigurationName = Release;
		};
		946558331A42B74E008BA213 /* Build configuration list for PBXNativeTarget "ClassUserDefaults" */ = {
			isa = XCConfigurationList;
			buildConfigurations = (
				946558341A42B74E008BA213 /* Debug */,
				946558351A42B74E008BA213 /* Release */,
			);
			defaultConfigurationIsVisible = 0;
		};
		946558361A42B74E008BA213 /* Build configuration list for PBXNativeTarget "ClassUserDefaultsTests" */ = {
			isa = XCConfigurationList;
			buildConfigurations = (
				946558371A42B74E008BA213 /* Debug */,
				946558381A42B74E008BA213 /* Release */,
			);
			defaultConfigurationIsVisible = 0;
		};
/* End XCConfigurationList section */
	};
	rootObject = 9465580C1A42B74E008BA213 /* Project object */;
}
